// !$*UTF8*$!
{
	archiveVersion = 1;
	classes = {
	};
	objectVersion = 50;
	objects = {

/* Begin PBXBuildFile section */
		DE19775923D394EB008ED463 /* TetrisGameModel.swift in Sources */ = {isa = PBXBuildFile; fileRef = DE19775823D394EB008ED463 /* TetrisGameModel.swift */; };
		DED444D123CC30010047DB25 /* AppDelegate.swift in Sources */ = {isa = PBXBuildFile; fileRef = DED444D023CC30010047DB25 /* AppDelegate.swift */; };
		DED444D323CC30010047DB25 /* SceneDelegate.swift in Sources */ = {isa = PBXBuildFile; fileRef = DED444D223CC30010047DB25 /* SceneDelegate.swift */; };
		DED444D523CC30010047DB25 /* ContentView.swift in Sources */ = {isa = PBXBuildFile; fileRef = DED444D423CC30010047DB25 /* ContentView.swift */; };
		DED444D723CC30040047DB25 /* Assets.xcassets in Resources */ = {isa = PBXBuildFile; fileRef = DED444D623CC30040047DB25 /* Assets.xcassets */; };
		DED444DA23CC30040047DB25 /* Preview Assets.xcassets in Resources */ = {isa = PBXBuildFile; fileRef = DED444D923CC30040047DB25 /* Preview Assets.xcassets */; };
		DED444DD23CC30040047DB25 /* LaunchScreen.storyboard in Resources */ = {isa = PBXBuildFile; fileRef = DED444DB23CC30040047DB25 /* LaunchScreen.storyboard */; };
		DED444E623CC30470047DB25 /* TetrisGameViewModel.swift in Sources */ = {isa = PBXBuildFile; fileRef = DED444E523CC30470047DB25 /* TetrisGameViewModel.swift */; };
		DED444E923CC316E0047DB25 /* Color.swift in Sources */ = {isa = PBXBuildFile; fileRef = DED444E823CC316E0047DB25 /* Color.swift */; };
		DED444EC23CC31D70047DB25 /* TetrisGameView.swift in Sources */ = {isa = PBXBuildFile; fileRef = DED444EB23CC31D70047DB25 /* TetrisGameView.swift */; };
/* End PBXBuildFile section */

/* Begin PBXFileReference section */
		DE19775823D394EB008ED463 /* TetrisGameModel.swift */ = {isa = PBXFileReference; lastKnownFileType = sourcecode.swift; path = TetrisGameModel.swift; sourceTree = "<group>"; };
		DED444CD23CC30010047DB25 /* Tetris.app */ = {isa = PBXFileReference; explicitFileType = wrapper.application; includeInIndex = 0; path = Tetris.app; sourceTree = BUILT_PRODUCTS_DIR; };
		DED444D023CC30010047DB25 /* AppDelegate.swift */ = {isa = PBXFileReference; lastKnownFileType = sourcecode.swift; path = AppDelegate.swift; sourceTree = "<group>"; };
		DED444D223CC30010047DB25 /* SceneDelegate.swift */ = {isa = PBXFileReference; lastKnownFileType = sourcecode.swift; path = SceneDelegate.swift; sourceTree = "<group>"; };
		DED444D423CC30010047DB25 /* ContentView.swift */ = {isa = PBXFileReference; lastKnownFileType = sourcecode.swift; path = ContentView.swift; sourceTree = "<group>"; };
		DED444D623CC30040047DB25 /* Assets.xcassets */ = {isa = PBXFileReference; lastKnownFileType = folder.assetcatalog; path = Assets.xcassets; sourceTree = "<group>"; };
		DED444D923CC30040047DB25 /* Preview Assets.xcassets */ = {isa = PBXFileReference; lastKnownFileType = folder.assetcatalog; path = "Preview Assets.xcassets"; sourceTree = "<group>"; };
		DED444DC23CC30040047DB25 /* Base */ = {isa = PBXFileReference; lastKnownFileType = file.storyboard; name = Base; path = Base.lproj/LaunchScreen.storyboard; sourceTree = "<group>"; };
		DED444DE23CC30040047DB25 /* Info.plist */ = {isa = PBXFileReference; lastKnownFileType = text.plist.xml; path = Info.plist; sourceTree = "<group>"; };
		DED444E523CC30470047DB25 /* TetrisGameViewModel.swift */ = {isa = PBXFileReference; lastKnownFileType = sourcecode.swift; path = TetrisGameViewModel.swift; sourceTree = "<group>"; };
		DED444E823CC316E0047DB25 /* Color.swift */ = {isa = PBXFileReference; lastKnownFileType = sourcecode.swift; path = Color.swift; sourceTree = "<group>"; };
		DED444EB23CC31D70047DB25 /* TetrisGameView.swift */ = {isa = PBXFileReference; lastKnownFileType = sourcecode.swift; path = TetrisGameView.swift; sourceTree = "<group>"; };
/* End PBXFileReference section */

/* Begin PBXFrameworksBuildPhase section */
		DED444CA23CC30010047DB25 /* Frameworks */ = {
			isa = PBXFrameworksBuildPhase;
			buildActionMask = 2147483647;
			files = (
			);
			runOnlyForDeploymentPostprocessing = 0;
		};
/* End PBXFrameworksBuildPhase section */

/* Begin PBXGroup section */
		DE19775723D394D8008ED463 /* Model */ = {
			isa = PBXGroup;
			children = (
				DE19775823D394EB008ED463 /* TetrisGameModel.swift */,
			);
			path = Model;
			sourceTree = "<group>";
		};
		DED444C423CC30010047DB25 = {
			isa = PBXGroup;
			children = (
				DED444CF23CC30010047DB25 /* Tetris */,
				DED444CE23CC30010047DB25 /* Products */,
			);
			sourceTree = "<group>";
		};
		DED444CE23CC30010047DB25 /* Products */ = {
			isa = PBXGroup;
			children = (
				DED444CD23CC30010047DB25 /* Tetris.app */,
			);
			name = Products;
			sourceTree = "<group>";
		};
		DED444CF23CC30010047DB25 /* Tetris */ = {
			isa = PBXGroup;
			children = (
				DE19775723D394D8008ED463 /* Model */,
				DED444EA23CC31CA0047DB25 /* View */,
				DED444E723CC31640047DB25 /* Extension */,
				DED444E423CC30380047DB25 /* ViewModel */,
				DED444D023CC30010047DB25 /* AppDelegate.swift */,
				DED444D223CC30010047DB25 /* SceneDelegate.swift */,
				DED444D423CC30010047DB25 /* ContentView.swift */,
				DED444D623CC30040047DB25 /* Assets.xcassets */,
				DED444DB23CC30040047DB25 /* LaunchScreen.storyboard */,
				DED444DE23CC30040047DB25 /* Info.plist */,
				DED444D823CC30040047DB25 /* Preview Content */,
			);
			path = Tetris;
			sourceTree = "<group>";
		};
		DED444D823CC30040047DB25 /* Preview Content */ = {
			isa = PBXGroup;
			children = (
				DED444D923CC30040047DB25 /* Preview Assets.xcassets */,
			);
			path = "Preview Content";
			sourceTree = "<group>";
		};
		DED444E423CC30380047DB25 /* ViewModel */ = {
			isa = PBXGroup;
			children = (
				DED444E523CC30470047DB25 /* TetrisGameViewModel.swift */,
			);
			path = ViewModel;
			sourceTree = "<group>";
		};
		DED444E723CC31640047DB25 /* Extension */ = {
			isa = PBXGroup;
			children = (
				DED444E823CC316E0047DB25 /* Color.swift */,
			);
			path = Extension;
			sourceTree = "<group>";
		};
		DED444EA23CC31CA0047DB25 /* View */ = {
			isa = PBXGroup;
			children = (
				DED444EB23CC31D70047DB25 /* TetrisGameView.swift */,
			);
			path = View;
			sourceTree = "<group>";
		};
/* End PBXGroup section */

/* Begin PBXNativeTarget section */
		DED444CC23CC30010047DB25 /* Tetris */ = {
			isa = PBXNativeTarget;
			buildConfigurationList = DED444E123CC30040047DB25 /* Build configuration list for PBXNativeTarget "Tetris" */;
			buildPhases = (
				DED444C923CC30010047DB25 /* Sources */,
				DED444CA23CC30010047DB25 /* Frameworks */,
				DED444CB23CC30010047DB25 /* Resources */,
			);
			buildRules = (
			);
			dependencies = (
			);
			name = Tetris;
			productName = Tetris;
			productReference = DED444CD23CC30010047DB25 /* Tetris.app */;
			productType = "com.apple.product-type.application";
		};
/* End PBXNativeTarget section */

/* Begin PBXProject section */
		DED444C523CC30010047DB25 /* Project object */ = {
			isa = PBXProject;
			attributes = {
				LastSwiftUpdateCheck = 1130;
				LastUpgradeCheck = 1130;
				ORGANIZATIONNAME = SchwiftyUI;
				TargetAttributes = {
					DED444CC23CC30010047DB25 = {
						CreatedOnToolsVersion = 11.3;
					};
				};
			};
			buildConfigurationList = DED444C823CC30010047DB25 /* Build configuration list for PBXProject "Tetris" */;
			compatibilityVersion = "Xcode 9.3";
			developmentRegion = en;
			hasScannedForEncodings = 0;
			knownRegions = (
				en,
				Base,
			);
			mainGroup = DED444C423CC30010047DB25;
			productRefGroup = DED444CE23CC30010047DB25 /* Products */;
			projectDirPath = "";
			projectRoot = "";
			targets = (
				DED444CC23CC30010047DB25 /* Tetris */,
			);
		};
/* End PBXProject section */

/* Begin PBXResourcesBuildPhase section */
		DED444CB23CC30010047DB25 /* Resources */ = {
			isa = PBXResourcesBuildPhase;
			buildActionMask = 2147483647;
			files = (
				DED444DD23CC30040047DB25 /* LaunchScreen.storyboard in Resources */,
				DED444DA23CC30040047DB25 /* Preview Assets.xcassets in Resources */,
				DED444D723CC30040047DB25 /* Assets.xcassets in Resources */,
			);
			runOnlyForDeploymentPostprocessing = 0;
		};
/* End PBXResourcesBuildPhase section */

/* Begin PBXSourcesBuildPhase section */
		DED444C923CC30010047DB25 /* Sources */ = {
			isa = PBXSourcesBuildPhase;
			buildActionMask = 2147483647;
			files = (
				DE19775923D394EB008ED463 /* TetrisGameModel.swift in Sources */,
				DED444D123CC30010047DB25 /* AppDelegate.swift in Sources */,
				DED444EC23CC31D70047DB25 /* TetrisGameView.swift in Sources */,
				DED444E623CC30470047DB25 /* TetrisGameViewModel.swift in Sources */,
				DED444D323CC30010047DB25 /* SceneDelegate.swift in Sources */,
				DED444E923CC316E0047DB25 /* Color.swift in Sources */,
				DED444D523CC30010047DB25 /* ContentView.swift in Sources */,
			);
			runOnlyForDeploymentPostprocessing = 0;
		};
/* End PBXSourcesBuildPhase section */

/* Begin PBXVariantGroup section */
		DED444DB23CC30040047DB25 /* LaunchScreen.storyboard */ = {
			isa = PBXVariantGroup;
			children = (
				DED444DC23CC30040047DB25 /* Base */,
			);
			name = LaunchScreen.storyboard;
			sourceTree = "<group>";
		};
/* End PBXVariantGroup section */

/* Begin XCBuildConfiguration section */
		DED444DF23CC30040047DB25 /* Debug */ = {
			isa = XCBuildConfiguration;
			buildSettings = {
				ALWAYS_SEARCH_USER_PATHS = NO;
				CLANG_ANALYZER_NONNULL = YES;
				CLANG_ANALYZER_NUMBER_OBJECT_CONVERSION = YES_AGGRESSIVE;
				CLANG_CXX_LANGUAGE_STANDARD = "gnu++14";
				CLANG_CXX_LIBRARY = "libc++";
				CLANG_ENABLE_MODULES = YES;
				CLANG_ENABLE_OBJC_ARC = YES;
				CLANG_ENABLE_OBJC_WEAK = YES;
				CLANG_WARN_BLOCK_CAPTURE_AUTORELEASING = YES;
				CLANG_WARN_BOOL_CONVERSION = YES;
				CLANG_WARN_COMMA = YES;
				CLANG_WARN_CONSTANT_CONVERSION = YES;
				CLANG_WARN_DEPRECATED_OBJC_IMPLEMENTATIONS = YES;
				CLANG_WARN_DIRECT_OBJC_ISA_USAGE = YES_ERROR;
				CLANG_WARN_DOCUMENTATION_COMMENTS = YES;
				CLANG_WARN_EMPTY_BODY = YES;
				CLANG_WARN_ENUM_CONVERSION = YES;
				CLANG_WARN_INFINITE_RECURSION = YES;
				CLANG_WARN_INT_CONVERSION = YES;
				CLANG_WARN_NON_LITERAL_NULL_CONVERSION = YES;
				CLANG_WARN_OBJC_IMPLICIT_RETAIN_SELF = YES;
				CLANG_WARN_OBJC_LITERAL_CONVERSION = YES;
				CLANG_WARN_OBJC_ROOT_CLASS = YES_ERROR;
				CLANG_WARN_RANGE_LOOP_ANALYSIS = YES;
				CLANG_WARN_STRICT_PROTOTYPES = YES;
				CLANG_WARN_SUSPICIOUS_MOVE = YES;
				CLANG_WARN_UNGUARDED_AVAILABILITY = YES_AGGRESSIVE;
				CLANG_WARN_UNREACHABLE_CODE = YES;
				CLANG_WARN__DUPLICATE_METHOD_MATCH = YES;
				COPY_PHASE_STRIP = NO;
				DEBUG_INFORMATION_FORMAT = dwarf;
				ENABLE_STRICT_OBJC_MSGSEND = YES;
				ENABLE_TESTABILITY = YES;
				GCC_C_LANGUAGE_STANDARD = gnu11;
				GCC_DYNAMIC_NO_PIC = NO;
				GCC_NO_COMMON_BLOCKS = YES;
				GCC_OPTIMIZATION_LEVEL = 0;
				GCC_PREPROCESSOR_DEFINITIONS = (
					"DEBUG=1",
					"$(inherited)",
				);
				GCC_WARN_64_TO_32_BIT_CONVERSION = YES;
				GCC_WARN_ABOUT_RETURN_TYPE = YES_ERROR;
				GCC_WARN_UNDECLARED_SELECTOR = YES;
				GCC_WARN_UNINITIALIZED_AUTOS = YES_AGGRESSIVE;
				GCC_WARN_UNUSED_FUNCTION = YES;
				GCC_WARN_UNUSED_VARIABLE = YES;
				IPHONEOS_DEPLOYMENT_TARGET = 13.2;
				MTL_ENABLE_DEBUG_INFO = INCLUDE_SOURCE;
				MTL_FAST_MATH = YES;
				ONLY_ACTIVE_ARCH = YES;
				SDKROOT = iphoneos;
				SWIFT_ACTIVE_COMPILATION_CONDITIONS = DEBUG;
				SWIFT_OPTIMIZATION_LEVEL = "-Onone";
			};
			name = Debug;
		};
		DED444E023CC30040047DB25 /* Release */ = {
			isa = XCBuildConfiguration;
			buildSettings = {
				ALWAYS_SEARCH_USER_PATHS = NO;
				CLANG_ANALYZER_NONNULL = YES;
				CLANG_ANALYZER_NUMBER_OBJECT_CONVERSION = YES_AGGRESSIVE;
				CLANG_CXX_LANGUAGE_STANDARD = "gnu++14";
				CLANG_CXX_LIBRARY = "libc++";
				CLANG_ENABLE_MODULES = YES;
				CLANG_ENABLE_OBJC_ARC = YES;
				CLANG_ENABLE_OBJC_WEAK = YES;
				CLANG_WARN_BLOCK_CAPTURE_AUTORELEASING = YES;
				CLANG_WARN_BOOL_CONVERSION = YES;
				CLANG_WARN_COMMA = YES;
				CLANG_WARN_CONSTANT_CONVERSION = YES;
				CLANG_WARN_DEPRECATED_OBJC_IMPLEMENTATIONS = YES;
				CLANG_WARN_DIRECT_OBJC_ISA_USAGE = YES_ERROR;
				CLANG_WARN_DOCUMENTATION_COMMENTS = YES;
				CLANG_WARN_EMPTY_BODY = YES;
				CLANG_WARN_ENUM_CONVERSION = YES;
				CLANG_WARN_INFINITE_RECURSION = YES;
				CLANG_WARN_INT_CONVERSION = YES;
				CLANG_WARN_NON_LITERAL_NULL_CONVERSION = YES;
				CLANG_WARN_OBJC_IMPLICIT_RETAIN_SELF = YES;
				CLANG_WARN_OBJC_LITERAL_CONVERSION = YES;
				CLANG_WARN_OBJC_ROOT_CLASS = YES_ERROR;
				CLANG_WARN_RANGE_LOOP_ANALYSIS = YES;
				CLANG_WARN_STRICT_PROTOTYPES = YES;
				CLANG_WARN_SUSPICIOUS_MOVE = YES;
				CLANG_WARN_UNGUARDED_AVAILABILITY = YES_AGGRESSIVE;
				CLANG_WARN_UNREACHABLE_CODE = YES;
				CLANG_WARN__DUPLICATE_METHOD_MATCH = YES;
				COPY_PHASE_STRIP = NO;
				DEBUG_INFORMATION_FORMAT = "dwarf-with-dsym";
				ENABLE_NS_ASSERTIONS = NO;
				ENABLE_STRICT_OBJC_MSGSEND = YES;
				GCC_C_LANGUAGE_STANDARD = gnu11;
				GCC_NO_COMMON_BLOCKS = YES;
				GCC_WARN_64_TO_32_BIT_CONVERSION = YES;
				GCC_WARN_ABOUT_RETURN_TYPE = YES_ERROR;
				GCC_WARN_UNDECLARED_SELECTOR = YES;
				GCC_WARN_UNINITIALIZED_AUTOS = YES_AGGRESSIVE;
				GCC_WARN_UNUSED_FUNCTION = YES;
				GCC_WARN_UNUSED_VARIABLE = YES;
				IPHONEOS_DEPLOYMENT_TARGET = 13.2;
				MTL_ENABLE_DEBUG_INFO = NO;
				MTL_FAST_MATH = YES;
				SDKROOT = iphoneos;
				SWIFT_COMPILATION_MODE = wholemodule;
				SWIFT_OPTIMIZATION_LEVEL = "-O";
				VALIDATE_PRODUCT = YES;
			};
			name = Release;
		};
		DED444E223CC30040047DB25 /* Debug */ = {
			isa = XCBuildConfiguration;
			buildSettings = {
				ASSETCATALOG_COMPILER_APPICON_NAME = AppIcon;
				CODE_SIGN_STYLE = Automatic;
				DEVELOPMENT_ASSET_PATHS = "\"Tetris/Preview Content\"";
				ENABLE_PREVIEWS = YES;
				INFOPLIST_FILE = Tetris/Info.plist;
				LD_RUNPATH_SEARCH_PATHS = (
					"$(inherited)",
					"@executable_path/Frameworks",
				);
				PRODUCT_BUNDLE_IDENTIFIER = com.SchwiftyUI.Tetris;
				PRODUCT_NAME = "$(TARGET_NAME)";
				SWIFT_VERSION = 5.0;
				TARGETED_DEVICE_FAMILY = "1,2";
			};
			name = Debug;
		};
		DED444E323CC30040047DB25 /* Release */ = {
			isa = XCBuildConfiguration;
			buildSettings = {
				ASSETCATALOG_COMPILER_APPICON_NAME = AppIcon;
				CODE_SIGN_STYLE = Automatic;
				DEVELOPMENT_ASSET_PATHS = "\"Tetris/Preview Content\"";
				ENABLE_PREVIEWS = YES;
				INFOPLIST_FILE = Tetris/Info.plist;
				LD_RUNPATH_SEARCH_PATHS = (
					"$(inherited)",
					"@executable_path/Frameworks",
				);
				PRODUCT_BUNDLE_IDENTIFIER = com.SchwiftyUI.Tetris;
				PRODUCT_NAME = "$(TARGET_NAME)";
				SWIFT_VERSION = 5.0;
				TARGETED_DEVICE_FAMILY = "1,2";
			};
			name = Release;
		};
/* End XCBuildConfiguration section */

/* Begin XCConfigurationList section */
		DED444C823CC30010047DB25 /* Build configuration list for PBXProject "Tetris" */ = {
			isa = XCConfigurationList;
			buildConfigurations = (
				DED444DF23CC30040047DB25 /* Debug */,
				DED444E023CC30040047DB25 /* Release */,
			);
			defaultConfigurationIsVisible = 0;
			defaultConfigurationName = Release;
		};
		DED444E123CC30040047DB25 /* Build configuration list for PBXNativeTarget "Tetris" */ = {
			isa = XCConfigurationList;
			buildConfigurations = (
				DED444E223CC30040047DB25 /* Debug */,
				DED444E323CC30040047DB25 /* Release */,
			);
			defaultConfigurationIsVisible = 0;
			defaultConfigurationName = Release;
		};
/* End XCConfigurationList section */
	};
	rootObject = DED444C523CC30010047DB25 /* Project object */;
}
